
Microsoft Visual Studio Solution File, Format Version 12.00
# Visual Studio 2013
VisualStudioVersion = 12.0.30324.0
MinimumVisualStudioVersion = 10.0.40219.1
Project("{FAE04EC0-301F-11D3-BF4B-00C04F79EFBC}") = "VAS-Stickan.Ipad", "VAS-Stickan.Ipad\VAS-Stickan.Ipad.csproj", "{025E4AFB-0002-47E3-B2D9-45FE84CAC112}"
EndProject
Project("{FAE04EC0-301F-11D3-BF4B-00C04F79EFBC}") = "VAS-Stickan.Shared", "VAS-Stickan.Shared\VAS-Stickan.Shared.csproj", "{30BAE7C3-A2EF-4EE6-BB91-4D997418EF7F}"
EndProject
Global
	GlobalSection(SolutionConfigurationPlatforms) = preSolution
		Ad-Hoc|Any CPU = Ad-Hoc|Any CPU
		Ad-Hoc|iPhone = Ad-Hoc|iPhone
		Ad-Hoc|iPhoneSimulator = Ad-Hoc|iPhoneSimulator
		Ad-Hoc|Mixed Platforms = Ad-Hoc|Mixed Platforms
		AppStore|Any CPU = AppStore|Any CPU
		AppStore|iPhone = AppStore|iPhone
		AppStore|iPhoneSimulator = AppStore|iPhoneSimulator
		AppStore|Mixed Platforms = AppStore|Mixed Platforms
		Debug|Any CPU = Debug|Any CPU
		Debug|iPhone = Debug|iPhone
		Debug|iPhoneSimulator = Debug|iPhoneSimulator
		Debug|Mixed Platforms = Debug|Mixed Platforms
		Release|Any CPU = Release|Any CPU
		Release|iPhone = Release|iPhone
		Release|iPhoneSimulator = Release|iPhoneSimulator
		Release|Mixed Platforms = Release|Mixed Platforms
	EndGlobalSection
	GlobalSection(ProjectConfigurationPlatforms) = postSolution
		{025E4AFB-0002-47E3-B2D9-45FE84CAC112}.Ad-Hoc|Any CPU.ActiveCfg = Ad-Hoc|iPhoneSimulator
		{025E4AFB-0002-47E3-B2D9-45FE84CAC112}.Ad-Hoc|iPhone.ActiveCfg = Ad-Hoc|iPhone
		{025E4AFB-0002-47E3-B2D9-45FE84CAC112}.Ad-Hoc|iPhone.Build.0 = Ad-Hoc|iPhone
		{025E4AFB-0002-47E3-B2D9-45FE84CAC112}.Ad-Hoc|iPhone.Deploy.0 = Ad-Hoc|iPhone
		{025E4AFB-0002-47E3-B2D9-45FE84CAC112}.Ad-Hoc|iPhoneSimulator.ActiveCfg = Ad-Hoc|iPhoneSimulator
		{025E4AFB-0002-47E3-B2D9-45FE84CAC112}.Ad-Hoc|iPhoneSimulator.Build.0 = Ad-Hoc|iPhoneSimulator
		{025E4AFB-0002-47E3-B2D9-45FE84CAC112}.Ad-Hoc|iPhoneSimulator.Deploy.0 = Ad-Hoc|iPhoneSimulator
		{025E4AFB-0002-47E3-B2D9-45FE84CAC112}.Ad-Hoc|Mixed Platforms.ActiveCfg = Ad-Hoc|iPhoneSimulator
		{025E4AFB-0002-47E3-B2D9-45FE84CAC112}.Ad-Hoc|Mixed Platforms.Build.0 = Ad-Hoc|iPhoneSimulator
		{025E4AFB-0002-47E3-B2D9-45FE84CAC112}.Ad-Hoc|Mixed Platforms.Deploy.0 = Ad-Hoc|iPhoneSimulator
		{025E4AFB-0002-47E3-B2D9-45FE84CAC112}.AppStore|Any CPU.ActiveCfg = AppStore|iPhoneSimulator
		{025E4AFB-0002-47E3-B2D9-45FE84CAC112}.AppStore|iPhone.ActiveCfg = AppStore|iPhone
		{025E4AFB-0002-47E3-B2D9-45FE84CAC112}.AppStore|iPhone.Build.0 = AppStore|iPhone
		{025E4AFB-0002-47E3-B2D9-45FE84CAC112}.AppStore|iPhone.Deploy.0 = AppStore|iPhone
		{025E4AFB-0002-47E3-B2D9-45FE84CAC112}.AppStore|iPhoneSimulator.ActiveCfg = AppStore|iPhoneSimulator
		{025E4AFB-0002-47E3-B2D9-45FE84CAC112}.AppStore|iPhoneSimulator.Build.0 = AppStore|iPhoneSimulator
		{025E4AFB-0002-47E3-B2D9-45FE84CAC112}.AppStore|iPhoneSimulator.Deploy.0 = AppStore|iPhoneSimulator
		{025E4AFB-0002-47E3-B2D9-45FE84CAC112}.AppStore|Mixed Platforms.ActiveCfg = AppStore|iPhoneSimulator
		{025E4AFB-0002-47E3-B2D9-45FE84CAC112}.AppStore|Mixed Platforms.Build.0 = AppStore|iPhoneSimulator
		{025E4AFB-0002-47E3-B2D9-45FE84CAC112}.AppStore|Mixed Platforms.Deploy.0 = AppStore|iPhoneSimulator
		{025E4AFB-0002-47E3-B2D9-45FE84CAC112}.Debug|Any CPU.ActiveCfg = Debug|iPhoneSimulator
		{025E4AFB-0002-47E3-B2D9-45FE84CAC112}.Debug|iPhone.ActiveCfg = Debug|iPhone
		{025E4AFB-0002-47E3-B2D9-45FE84CAC112}.Debug|iPhone.Build.0 = Debug|iPhone
		{025E4AFB-0002-47E3-B2D9-45FE84CAC112}.Debug|iPhone.Deploy.0 = Debug|iPhone
		{025E4AFB-0002-47E3-B2D9-45FE84CAC112}.Debug|iPhoneSimulator.ActiveCfg = Debug|iPhoneSimulator
		{025E4AFB-0002-47E3-B2D9-45FE84CAC112}.Debug|iPhoneSimulator.Build.0 = Debug|iPhoneSimulator
		{025E4AFB-0002-47E3-B2D9-45FE84CAC112}.Debug|iPhoneSimulator.Deploy.0 = Debug|iPhoneSimulator
		{025E4AFB-0002-47E3-B2D9-45FE84CAC112}.Debug|Mixed Platforms.ActiveCfg = Debug|iPhoneSimulator
		{025E4AFB-0002-47E3-B2D9-45FE84CAC112}.Debug|Mixed Platforms.Build.0 = Debug|iPhoneSimulator
		{025E4AFB-0002-47E3-B2D9-45FE84CAC112}.Debug|Mixed Platforms.Deploy.0 = Debug|iPhoneSimulator
		{025E4AFB-0002-47E3-B2D9-45FE84CAC112}.Release|Any CPU.ActiveCfg = Release|iPhoneSimulator
		{025E4AFB-0002-47E3-B2D9-45FE84CAC112}.Release|iPhone.ActiveCfg = Release|iPhone
		{025E4AFB-0002-47E3-B2D9-45FE84CAC112}.Release|iPhone.Build.0 = Release|iPhone
		{025E4AFB-0002-47E3-B2D9-45FE84CAC112}.Release|iPhone.Deploy.0 = Release|iPhone
		{025E4AFB-0002-47E3-B2D9-45FE84CAC112}.Release|iPhoneSimulator.ActiveCfg = Release|iPhoneSimulator
		{025E4AFB-0002-47E3-B2D9-45FE84CAC112}.Release|iPhoneSimulator.Build.0 = Release|iPhoneSimulator
		{025E4AFB-0002-47E3-B2D9-45FE84CAC112}.Release|iPhoneSimulator.Deploy.0 = Release|iPhoneSimulator
		{025E4AFB-0002-47E3-B2D9-45FE84CAC112}.Release|Mixed Platforms.ActiveCfg = Release|iPhoneSimulator
		{025E4AFB-0002-47E3-B2D9-45FE84CAC112}.Release|Mixed Platforms.Build.0 = Release|iPhoneSimulator
		{025E4AFB-0002-47E3-B2D9-45FE84CAC112}.Release|Mixed Platforms.Deploy.0 = Release|iPhoneSimulator
		{30BAE7C3-A2EF-4EE6-BB91-4D997418EF7F}.Ad-Hoc|Any CPU.ActiveCfg = Release|Any CPU
		{30BAE7C3-A2EF-4EE6-BB91-4D997418EF7F}.Ad-Hoc|Any CPU.Build.0 = Release|Any CPU
		{30BAE7C3-A2EF-4EE6-BB91-4D997418EF7F}.Ad-Hoc|iPhone.ActiveCfg = Release|Any CPU
		{30BAE7C3-A2EF-4EE6-BB91-4D997418EF7F}.Ad-Hoc|iPhoneSimulator.ActiveCfg = Release|Any CPU
		{30BAE7C3-A2EF-4EE6-BB91-4D997418EF7F}.Ad-Hoc|Mixed Platforms.ActiveCfg = Release|Any CPU
		{30BAE7C3-A2EF-4EE6-BB91-4D997418EF7F}.Ad-Hoc|Mixed Platforms.Build.0 = Release|Any CPU
		{30BAE7C3-A2EF-4EE6-BB91-4D997418EF7F}.AppStore|Any CPU.ActiveCfg = Release|Any CPU
		{30BAE7C3-A2EF-4EE6-BB91-4D997418EF7F}.AppStore|Any CPU.Build.0 = Release|Any CPU
		{30BAE7C3-A2EF-4EE6-BB91-4D997418EF7F}.AppStore|iPhone.ActiveCfg = Release|Any CPU
		{30BAE7C3-A2EF-4EE6-BB91-4D997418EF7F}.AppStore|iPhoneSimulator.ActiveCfg = Release|Any CPU
		{30BAE7C3-A2EF-4EE6-BB91-4D997418EF7F}.AppStore|Mixed Platforms.ActiveCfg = Release|Any CPU
		{30BAE7C3-A2EF-4EE6-BB91-4D997418EF7F}.AppStore|Mixed Platforms.Build.0 = Release|Any CPU
		{30BAE7C3-A2EF-4EE6-BB91-4D997418EF7F}.Debug|Any CPU.ActiveCfg = Debug|Any CPU
		{30BAE7C3-A2EF-4EE6-BB91-4D997418EF7F}.Debug|Any CPU.Build.0 = Debug|Any CPU
		{30BAE7C3-A2EF-4EE6-BB91-4D997418EF7F}.Debug|iPhone.ActiveCfg = Debug|Any CPU
		{30BAE7C3-A2EF-4EE6-BB91-4D997418EF7F}.Debug|iPhoneSimulator.ActiveCfg = Debug|Any CPU
		{30BAE7C3-A2EF-4EE6-BB91-4D997418EF7F}.Debug|Mixed Platforms.ActiveCfg = Debug|Any CPU
		{30BAE7C3-A2EF-4EE6-BB91-4D997418EF7F}.Debug|Mixed Platforms.Build.0 = Debug|Any CPU
		{30BAE7C3-A2EF-4EE6-BB91-4D997418EF7F}.Release|Any CPU.ActiveCfg = Release|Any CPU
		{30BAE7C3-A2EF-4EE6-BB91-4D997418EF7F}.Release|Any CPU.Build.0 = Release|Any CPU
		{30BAE7C3-A2EF-4EE6-BB91-4D997418EF7F}.Release|iPhone.ActiveCfg = Release|Any CPU
		{30BAE7C3-A2EF-4EE6-BB91-4D997418EF7F}.Release|iPhoneSimulator.ActiveCfg = Release|Any CPU
		{30BAE7C3-A2EF-4EE6-BB91-4D997418EF7F}.Release|Mixed Platforms.ActiveCfg = Release|Any CPU
		{30BAE7C3-A2EF-4EE6-BB91-4D997418EF7F}.Release|Mixed Platforms.Build.0 = Release|Any CPU
	EndGlobalSection
	GlobalSection(SolutionProperties) = preSolution
		HideSolutionNode = FALSE
	EndGlobalSection
EndGlobal
